{
  "version": 4,
  "terraform_version": "1.3.2",
  "serial": 1595,
  "lineage": "ab24ddef-939c-97ad-0ae0-5df9f40d52e1",
  "outputs": {},
  "resources": [
    {
      "module": "module.ClusterSetup",
      "mode": "data",
      "type": "aws_eks_cluster_auth",
      "name": "thesis",
      "provider": "module.ClusterSetup.provider[\"registry.terraform.io/hashicorp/aws\"]",
      "instances": [
        {
          "schema_version": 0,
          "attributes": {
            "id": "dev-thesis-cluster",
            "name": "dev-thesis-cluster",
            "token": "k8s-aws-v1.aHR0cHM6Ly9zdHMuYW1hem9uYXdzLmNvbS8_QWN0aW9uPUdldENhbGxlcklkZW50aXR5JlZlcnNpb249MjAxMS0wNi0xNSZYLUFtei1BbGdvcml0aG09QVdTNC1ITUFDLVNIQTI1NiZYLUFtei1DcmVkZW50aWFsPUFTSUE0STJPSEpVS0tVSjdRRVJPJTJGMjAyMzAxMTAlMkZ1cy1lYXN0LTElMkZzdHMlMkZhd3M0X3JlcXVlc3QmWC1BbXotRGF0ZT0yMDIzMDExMFQyMTU1NTFaJlgtQW16LUV4cGlyZXM9MCZYLUFtei1TZWN1cml0eS1Ub2tlbj1JUW9KYjNKcFoybHVYMlZqRUQ0YURHVjFMV05sYm5SeVlXd3RNU0pJTUVZQ0lRREo1VU5FTzZEdFk1MUUwdjRVb1dmVU1VbFVkSzdNMjVBN1VqRW94ZFZERmdJaEFJZGtFR2tIZ0QyRDQlMkJKRlhqTiUyQjBPNlFHcUxuMldNMWQlMkZrN3pkbmNhJTJCcjJLdUlDQ0pmJTJGJTJGJTJGJTJGJTJGJTJGJTJGJTJGJTJGJTJGd0VRQVJvTU9EUXpOVGc0TWpVNU1Ea3lJZ3gyeWNtVHM0alJwemdtSTBjcXRnS0RUaVFDaEg5bWYyQlRSNmdHJTJGbjdnVGg2S3lBeG5BeW9CenVBJTJCand1MFI3TmolMkZVUnE0Z3pZV0UxQWklMkJaUGR0RnJSSDEwYnRaak5udFNkeFRFMXlBVW9yaGUwdWFRTkRPU0l5RFJpNlRpdUUlMkZja1RDNEElMkZXR2FsaUZidmc2JTJGUUtJMm5wZmFFV1d2cEthSE1DdHNHV216ODdsSnJmREpTZ2pPcTU0MWVzREh6dHhWMTZyUCUyRkVyMkdCVEFiNiUyRk9IazQyQWR1VExIYndGZkxnenFrdkFOWDYwJTJCZ3FYNXBJOFp4anZVdllaZzVId1BhMFU0QmJ4blVCJTJGckhScHBnOHF2dFVzJTJGaHYybFFma0hJalglMkJBd0VVYUxYRXJKeTJ5VVElMkZkQmwzRXpudU11d25hUTU5SFVJYW5VU2FFTTdXRjJ5azIlMkZQUGllVlolMkZUMURpNjNGWDl3SlhucWd1V3NPQlpMakZjbGhFMWkyVFY4SU5SVEhBdSUyRk0lMkI2Q2FvYkNDaU94NTRPeSUyRmc4U01RcEYlMkZSWWhvcnU2VjI4OE5vaDBlOE1PZTk5NTBHT3FFQlolMkJvaXNRZUM3eDNtdG5McTdnaEs5V2w2NVhIQWRHTGtpamk1dFNuSXlZVk9EcWY0VlVaSGtkcUFydCUyQjZKZVhSaWhaZ08xc3Z6WkdzJTJGV1BsR2N0c1BnSkUya3hSOExTWU4lMkZjVzVyRzNhS2szeFBlc2V0TkV6bVBITE56MkFhcVQxSkNUTFU3Yk5yOEtXSmhFdUJvbkNmdFRxaWV4UHd6JTJCRzlhWmNOSFhza3Y1Y1g0QldNTjF3TkZ1YnZpdEV3OG95bjFDWmRLeHB0RUZzeFNnUXJ5Y1p0QSUzRCZYLUFtei1TaWduZWRIZWFkZXJzPWhvc3QlM0J4LWs4cy1hd3MtaWQmWC1BbXotU2lnbmF0dXJlPWY5YmM3ZjEyNWE2YmIzOTY1MTZkOWY4OGQ2NTZjM2M1YzMxNTg4M2Y3MjM2Y2Y2MWNkYTFlYmI4MzVjMTBiYTA"
          },
          "sensitive_attributes": []
        }
      ]
    },
    {
      "module": "module.ClusterSetup.module.aws_resources",
      "mode": "data",
      "type": "aws_caller_identity",
      "name": "current",
      "provider": "module.ClusterSetup.provider[\"registry.terraform.io/hashicorp/aws\"]",
      "instances": [
        {
          "schema_version": 0,
          "attributes": {
            "account_id": "843588259092",
            "arn": "arn:aws:sts::843588259092:assumed-role/UserFull/aws-go-sdk-1673387751146891000",
            "id": "843588259092",
            "user_id": "AROA4I2OHJUKECXPVU5KW:aws-go-sdk-1673387751146891000"
          },
          "sensitive_attributes": []
        }
      ]
    },
    {
      "module": "module.ClusterSetup.module.aws_resources",
      "mode": "data",
      "type": "aws_iam_policy_document",
      "name": "external-secrets-irsa-assume",
      "provider": "module.ClusterSetup.provider[\"registry.terraform.io/hashicorp/aws\"]",
      "instances": [
        {
          "schema_version": 0,
          "attributes": {
            "id": "868593819",
            "json": "{\n  \"Version\": \"2012-10-17\",\n  \"Statement\": [\n    {\n      \"Sid\": \"\",\n      \"Effect\": \"Allow\",\n      \"Action\": \"sts:AssumeRoleWithWebIdentity\",\n      \"Principal\": {\n        \"Federated\": \"arn:aws:iam::843588259092:oidc-provider/oidc.eks.eu-central-1.amazonaws.com/id/073605442518896DF3890DBDDBFAA994\"\n      },\n      \"Condition\": {\n        \"StringLike\": {\n          \"oidc.eks.eu-central-1.amazonaws.com/id/073605442518896DF3890DBDDBFAA994:sub\": \"system:serviceaccount:team2:*\"\n        }\n      }\n    }\n  ]\n}",
            "override_json": null,
            "override_policy_documents": null,
            "policy_id": null,
            "source_json": null,
            "source_policy_documents": null,
            "statement": [
              {
                "actions": [
                  "sts:AssumeRoleWithWebIdentity"
                ],
                "condition": [
                  {
                    "test": "StringLike",
                    "values": [
                      "system:serviceaccount:team2:*"
                    ],
                    "variable": "oidc.eks.eu-central-1.amazonaws.com/id/073605442518896DF3890DBDDBFAA994:sub"
                  }
                ],
                "effect": "Allow",
                "not_actions": [],
                "not_principals": [],
                "not_resources": [],
                "principals": [
                  {
                    "identifiers": [
                      "arn:aws:iam::843588259092:oidc-provider/oidc.eks.eu-central-1.amazonaws.com/id/073605442518896DF3890DBDDBFAA994"
                    ],
                    "type": "Federated"
                  }
                ],
                "resources": [],
                "sid": ""
              }
            ],
            "version": "2012-10-17"
          },
          "sensitive_attributes": []
        }
      ]
    },
    {
      "module": "module.ClusterSetup.module.aws_resources",
      "mode": "data",
      "type": "aws_iam_policy_document",
      "name": "thesis-sa-assume",
      "provider": "module.ClusterSetup.provider[\"registry.terraform.io/hashicorp/aws\"]",
      "instances": [
        {
          "schema_version": 0,
          "attributes": {
            "id": "2736550031",
            "json": "{\n  \"Version\": \"2012-10-17\",\n  \"Statement\": [\n    {\n      \"Sid\": \"\",\n      \"Effect\": \"Allow\",\n      \"Action\": \"sts:AssumeRoleWithWebIdentity\",\n      \"Principal\": {\n        \"Federated\": \"arn:aws:iam::843588259092:oidc-provider/oidc.eks.eu-central-1.amazonaws.com/id/073605442518896DF3890DBDDBFAA994\"\n      },\n      \"Condition\": {\n        \"ForAnyValue:StringLike\": {\n          \"oidc.eks.eu-central-1.amazonaws.com/id/073605442518896DF3890DBDDBFAA994:sub\": [\n            \"system:serviceaccount:crossplane-system:*\",\n            \"system:serviceaccount:argocd-system:*\"\n          ]\n        }\n      }\n    },\n    {\n      \"Sid\": \"\",\n      \"Effect\": \"Allow\",\n      \"Action\": [\n        \"sts:SetSourceIdentity\",\n        \"sts:AssumeRole\"\n      ],\n      \"Principal\": {\n        \"AWS\": \"arn:aws:sts::111802884793:assumed-role/sso/Ismail.Huerriyetoglu@bmw.de\"\n      }\n    },\n    {\n      \"Sid\": \"\",\n      \"Effect\": \"Allow\",\n      \"Action\": \"sts:AssumeRole\",\n      \"Principal\": {\n        \"AWS\": \"*\"\n      },\n      \"Condition\": {\n        \"ArnLike\": {\n          \"aws:PrincipalArn\": \"arn:aws:iam::843588259092:role/dev-thesis-sa\"\n        }\n      }\n    }\n  ]\n}",
            "override_json": null,
            "override_policy_documents": null,
            "policy_id": null,
            "source_json": null,
            "source_policy_documents": null,
            "statement": [
              {
                "actions": [
                  "sts:AssumeRoleWithWebIdentity"
                ],
                "condition": [
                  {
                    "test": "ForAnyValue:StringLike",
                    "values": [
                      "system:serviceaccount:crossplane-system:*",
                      "system:serviceaccount:argocd-system:*"
                    ],
                    "variable": "oidc.eks.eu-central-1.amazonaws.com/id/073605442518896DF3890DBDDBFAA994:sub"
                  }
                ],
                "effect": "Allow",
                "not_actions": [],
                "not_principals": [],
                "not_resources": [],
                "principals": [
                  {
                    "identifiers": [
                      "arn:aws:iam::843588259092:oidc-provider/oidc.eks.eu-central-1.amazonaws.com/id/073605442518896DF3890DBDDBFAA994"
                    ],
                    "type": "Federated"
                  }
                ],
                "resources": [],
                "sid": ""
              },
              {
                "actions": [
                  "sts:AssumeRole",
                  "sts:SetSourceIdentity"
                ],
                "condition": [],
                "effect": "Allow",
                "not_actions": [],
                "not_principals": [],
                "not_resources": [],
                "principals": [
                  {
                    "identifiers": [
                      "arn:aws:sts::111802884793:assumed-role/sso/Ismail.Huerriyetoglu@bmw.de"
                    ],
                    "type": "AWS"
                  }
                ],
                "resources": [],
                "sid": ""
              },
              {
                "actions": [
                  "sts:AssumeRole"
                ],
                "condition": [
                  {
                    "test": "ArnLike",
                    "values": [
                      "arn:aws:iam::843588259092:role/dev-thesis-sa"
                    ],
                    "variable": "aws:PrincipalArn"
                  }
                ],
                "effect": "Allow",
                "not_actions": [],
                "not_principals": [],
                "not_resources": [],
                "principals": [
                  {
                    "identifiers": [
                      "*"
                    ],
                    "type": "AWS"
                  }
                ],
                "resources": [],
                "sid": ""
              }
            ],
            "version": "2012-10-17"
          },
          "sensitive_attributes": []
        }
      ]
    },
    {
      "module": "module.ClusterSetup.module.aws_resources",
      "mode": "data",
      "type": "tls_certificate",
      "name": "eks",
      "provider": "provider[\"registry.terraform.io/hashicorp/tls\"]",
      "instances": [
        {
          "schema_version": 0,
          "attributes": {
            "certificates": [
              {
                "cert_pem": "-----BEGIN CERTIFICATE-----\nMIIEdTCCA12gAwIBAgIJAKcOSkw0grd/MA0GCSqGSIb3DQEBCwUAMGgxCzAJBgNV\nBAYTAlVTMSUwIwYDVQQKExxTdGFyZmllbGQgVGVjaG5vbG9naWVzLCBJbmMuMTIw\nMAYDVQQLEylTdGFyZmllbGQgQ2xhc3MgMiBDZXJ0aWZpY2F0aW9uIEF1dGhvcml0\neTAeFw0wOTA5MDIwMDAwMDBaFw0zNDA2MjgxNzM5MTZaMIGYMQswCQYDVQQGEwJV\nUzEQMA4GA1UECBMHQXJpem9uYTETMBEGA1UEBxMKU2NvdHRzZGFsZTElMCMGA1UE\nChMcU3RhcmZpZWxkIFRlY2hub2xvZ2llcywgSW5jLjE7MDkGA1UEAxMyU3RhcmZp\nZWxkIFNlcnZpY2VzIFJvb3QgQ2VydGlmaWNhdGUgQXV0aG9yaXR5IC0gRzIwggEi\nMA0GCSqGSIb3DQEBAQUAA4IBDwAwggEKAoIBAQDVDDrEKvlO4vW+GZdfjohTsR8/\ny8+fIBNtKTrID30892t2OGPZNmCom15cAICyL1l/9of5JUOG52kbUpqQ4XHj2C0N\nTm/2yEnZtvMaVq4rtnQU68/7JuMauh2WLmo7WJSJR1b/JaCTcFOD2oR0FMNnngRo\nOt+OQFodSk7PQ5E751bWAHDLUu57fa4657wx+UX2wmDPE1kCK4DMNEffud6QZW0C\nzyyRpqbn3oUYSXxmTqM6bam17jQuug0DuDPfR+uxa40l2ZvOgdFFRjKWcIfeAg5J\nQ4W2bHO7ZOphQazJ1FTfhy/HIrImzJ9ZVGif/L4qL8RVHHVAYBeFAlU5i38FAgMB\nAAGjgfAwge0wDwYDVR0TAQH/BAUwAwEB/zAOBgNVHQ8BAf8EBAMCAYYwHQYDVR0O\nBBYEFJxfAN+qAdcwKziIorhtSpzyEZGDMB8GA1UdIwQYMBaAFL9ft9HO3R+G9FtV\nrNzXEMIOqYjnME8GCCsGAQUFBwEBBEMwQTAcBggrBgEFBQcwAYYQaHR0cDovL28u\nc3MyLnVzLzAhBggrBgEFBQcwAoYVaHR0cDovL3guc3MyLnVzL3guY2VyMCYGA1Ud\nHwQfMB0wG6AZoBeGFWh0dHA6Ly9zLnNzMi51cy9yLmNybDARBgNVHSAECjAIMAYG\nBFUdIAAwDQYJKoZIhvcNAQELBQADggEBACMd44pXyn3pF3lM8R5V/cxTbj5HD9/G\nVfKyBDbtgB9TxF00KGu+x1X8Z+rLP3+QsjPNG1gQggL4+C/1E2DUBc7xgQjB3ad1\nl08YuW3e95ORCLp+QCztweq7dp4zBncdDQh/U90bZKuCJ/Fp1U1ervShw3WnWEQt\n8jxwmKy6abaVd38PMV4s/KCHOkdp8Hlf9BRUpJVeEXgSYCfOn8J3/yNTd126/+pZ\n59vPr5KW7ySaNRB6nJHGDn2Z9j8Z3/VyVOEVqQdZe4O/Ui5GjLIAZHYcSNPYeehu\nVsyuLAOQ1xk4meTKCRlb/weWsKh/NEnfVqn3sF/tM+2MR7cwA130A4w=\n-----END CERTIFICATE-----\n",
                "is_ca": true,
                "issuer": "OU=Starfield Class 2 Certification Authority,O=Starfield Technologies\\, Inc.,C=US",
                "not_after": "2034-06-28T17:39:16Z",
                "not_before": "2009-09-02T00:00:00Z",
                "public_key_algorithm": "RSA",
                "serial_number": "12037640545166866303",
                "sha1_fingerprint": "9e99a48a9960b14926bb7f3b02e22da2b0ab7280",
                "signature_algorithm": "SHA256-RSA",
                "subject": "CN=Starfield Services Root Certificate Authority - G2,O=Starfield Technologies\\, Inc.,L=Scottsdale,ST=Arizona,C=US",
                "version": 3
              },
              {
                "cert_pem": "-----BEGIN CERTIFICATE-----\nMIIEkjCCA3qgAwIBAgITBn+USionzfP6wq4rAfkI7rnExjANBgkqhkiG9w0BAQsF\nADCBmDELMAkGA1UEBhMCVVMxEDAOBgNVBAgTB0FyaXpvbmExEzARBgNVBAcTClNj\nb3R0c2RhbGUxJTAjBgNVBAoTHFN0YXJmaWVsZCBUZWNobm9sb2dpZXMsIEluYy4x\nOzA5BgNVBAMTMlN0YXJmaWVsZCBTZXJ2aWNlcyBSb290IENlcnRpZmljYXRlIEF1\ndGhvcml0eSAtIEcyMB4XDTE1MDUyNTEyMDAwMFoXDTM3MTIzMTAxMDAwMFowOTEL\nMAkGA1UEBhMCVVMxDzANBgNVBAoTBkFtYXpvbjEZMBcGA1UEAxMQQW1hem9uIFJv\nb3QgQ0EgMTCCASIwDQYJKoZIhvcNAQEBBQADggEPADCCAQoCggEBALJ4gHHKeNXj\nca9HgFB0fW7Y14h29Jlo91ghYPl0hAEvrAIthtOgQ3pOsqTQNroBvo3bSMgHFzZM\n9O6II8c+6zf1tRn4SWiw3te5djgdYZ6k/oI2peVKVuRF4fn9tBb6dNqcmzU5L/qw\nIFAGbHrQgLKm+a/sRxmPUDgH3KKHOVj4utWp+UhnMJbulHheb4mjUcAwhmahRWa6\nVOujw5H5SNz/0egwLX0tdHA114gk957EWW67c4cX8jJGKLhD+rcdqsq08p8kDi1L\n93FcXmn/6pUCyziKrlA4b9v7LWIbxcceVOF34GfID5yHI9Y/QCB/IIDEgEw+OyQm\njgSubJrIqg0CAwEAAaOCATEwggEtMA8GA1UdEwEB/wQFMAMBAf8wDgYDVR0PAQH/\nBAQDAgGGMB0GA1UdDgQWBBSEGMyFNOy8DJSULghZnMeyEE4KCDAfBgNVHSMEGDAW\ngBScXwDfqgHXMCs4iKK4bUqc8hGRgzB4BggrBgEFBQcBAQRsMGowLgYIKwYBBQUH\nMAGGImh0dHA6Ly9vY3NwLnJvb3RnMi5hbWF6b250cnVzdC5jb20wOAYIKwYBBQUH\nMAKGLGh0dHA6Ly9jcnQucm9vdGcyLmFtYXpvbnRydXN0LmNvbS9yb290ZzIuY2Vy\nMD0GA1UdHwQ2MDQwMqAwoC6GLGh0dHA6Ly9jcmwucm9vdGcyLmFtYXpvbnRydXN0\nLmNvbS9yb290ZzIuY3JsMBEGA1UdIAQKMAgwBgYEVR0gADANBgkqhkiG9w0BAQsF\nAAOCAQEAYjdCXLwQtT6LLOkMm2xF4gcAevnFWAu5CIw+7bMlPLVvUOTNNWqnkzSW\nMiGpSESrnO09tKpzbeR/FoCJbM8oAxiDR3mjEH4wW6w7sGDgd9QIpuEdfF7Au/ma\neyKdpwAJfqxGF4PcnCZXmTA5YpaP7dreqsXMGz7KQ2hsVxa81Q4gLv7/wmpdLqBK\nbRRYh5TmOTFffHPLkIhqhBGWJ6bt2YFGpn6jcgAKUj6DiAdjd4lpFw85hdKrCEVN\n0FE6/V1dN2RMfjCyVSRCnTawXZwXgWHxyvkQAiSr6w10kY17RSlQOYiypok1JR4U\nakcjMS9cmvqtmg5iUaQqqcT5NJ0hGA==\n-----END CERTIFICATE-----\n",
                "is_ca": true,
                "issuer": "CN=Starfield Services Root Certificate Authority - G2,O=Starfield Technologies\\, Inc.,L=Scottsdale,ST=Arizona,C=US",
                "not_after": "2037-12-31T01:00:00Z",
                "not_before": "2015-05-25T12:00:00Z",
                "public_key_algorithm": "RSA",
                "serial_number": "144918191876577076464031512351042010504348870",
                "sha1_fingerprint": "06b25927c42a721631c1efd9431e648fa62e1e39",
                "signature_algorithm": "SHA256-RSA",
                "subject": "CN=Amazon Root CA 1,O=Amazon,C=US",
                "version": 3
              },
              {
                "cert_pem": "-----BEGIN CERTIFICATE-----\nMIIESTCCAzGgAwIBAgITBn+UV4WH6Kx33rJTMlu8mYtWDTANBgkqhkiG9w0BAQsF\nADA5MQswCQYDVQQGEwJVUzEPMA0GA1UEChMGQW1hem9uMRkwFwYDVQQDExBBbWF6\nb24gUm9vdCBDQSAxMB4XDTE1MTAyMjAwMDAwMFoXDTI1MTAxOTAwMDAwMFowRjEL\nMAkGA1UEBhMCVVMxDzANBgNVBAoTBkFtYXpvbjEVMBMGA1UECxMMU2VydmVyIENB\nIDFCMQ8wDQYDVQQDEwZBbWF6b24wggEiMA0GCSqGSIb3DQEBAQUAA4IBDwAwggEK\nAoIBAQDCThZn3c68asg3Wuw6MLAd5tES6BIoSMzoKcG5blPVo+sDORrMd4f2AbnZ\ncMzPa43j4wNxhplty6aUKk4T1qe9BOwKFjwK6zmxxLVYo7bHViXsPlJ6qOMpFge5\nblDP+18x+B26A0piiQOuPkfyDyeR4xQghfj66Yo19V+emU3nazfvpFA+ROz6WoVm\nB5x+F2pV8xeKNR7u6azDdU5YVX1TawprmxRC1+WsAYmz6qP+z8ArDITC2FMVy2fw\n0IjKOtEXc/VfmtTFch5+AfGYMGMqqvJ6LcXiAhqG5TI+Dr0RtM88k+8XUBCeQ8IG\nKuANaL7TiItKZYxK1MMuTJtV9IblAgMBAAGjggE7MIIBNzASBgNVHRMBAf8ECDAG\nAQH/AgEAMA4GA1UdDwEB/wQEAwIBhjAdBgNVHQ4EFgQUWaRmBlKge5WSPKOUByeW\ndFv5PdAwHwYDVR0jBBgwFoAUhBjMhTTsvAyUlC4IWZzHshBOCggwewYIKwYBBQUH\nAQEEbzBtMC8GCCsGAQUFBzABhiNodHRwOi8vb2NzcC5yb290Y2ExLmFtYXpvbnRy\ndXN0LmNvbTA6BggrBgEFBQcwAoYuaHR0cDovL2NydC5yb290Y2ExLmFtYXpvbnRy\ndXN0LmNvbS9yb290Y2ExLmNlcjA/BgNVHR8EODA2MDSgMqAwhi5odHRwOi8vY3Js\nLnJvb3RjYTEuYW1hem9udHJ1c3QuY29tL3Jvb3RjYTEuY3JsMBMGA1UdIAQMMAow\nCAYGZ4EMAQIBMA0GCSqGSIb3DQEBCwUAA4IBAQCFkr41u3nPo4FCHOTjY3NTOVI1\n59Gt/a6ZiqyJEi+752+a1U5y6iAwYfmXss2lJwJFqMp2PphKg5625kXg8kP2CN5t\n6G7bMQcT8C8xDZNtYTd7WPD8UZiRKAJPBXa30/AbwuZe0GaFEQ8ugcYQgSn+IGBI\n8/LwhBNTZTUVEWuCUUBVV18YtbAiPq3yXqMB48Oz+ctBWuZSkbvkNodPLamkB2g1\nupRyzQ7qDn1X8nn8N8V7YJ6y68AtkHcNSRAnpTitxBKjtKPISLMVCx7i4hncxHZS\nyLyKQXhw2W2Xs0qLeC1etA+jTGDK4UfLeC0SF7FSi8o5LL21L8IzApar2pR/\n-----END CERTIFICATE-----\n",
                "is_ca": true,
                "issuer": "CN=Amazon Root CA 1,O=Amazon,C=US",
                "not_after": "2025-10-19T00:00:00Z",
                "not_before": "2015-10-22T00:00:00Z",
                "public_key_algorithm": "RSA",
                "serial_number": "144918209630989264145272943054026349679957517",
                "sha1_fingerprint": "917e732d330f9a12404f73d8bea36948b929dffc",
                "signature_algorithm": "SHA256-RSA",
                "subject": "CN=Amazon,OU=Server CA 1B,O=Amazon,C=US",
                "version": 3
              },
              {
                "cert_pem": "-----BEGIN CERTIFICATE-----\nMIIF/TCCBOWgAwIBAgIQD8K7jdEXDXxcIedrfcdtbzANBgkqhkiG9w0BAQsFADBG\nMQswCQYDVQQGEwJVUzEPMA0GA1UEChMGQW1hem9uMRUwEwYDVQQLEwxTZXJ2ZXIg\nQ0EgMUIxDzANBgNVBAMTBkFtYXpvbjAeFw0yMjA1MTQwMDAwMDBaFw0yMzA2MTIy\nMzU5NTlaMC4xLDAqBgNVBAMTI29pZGMuZWtzLmV1LWNlbnRyYWwtMS5hbWF6b25h\nd3MuY29tMIIBIjANBgkqhkiG9w0BAQEFAAOCAQ8AMIIBCgKCAQEAxJcmLgBtHpEK\nuDI3TWoYiUS3VrB2X7t2Hdn6gLXLDePrRGbiWLi6gyaLINNdEBKVWWB4xLFJsLMR\nEjM3yD4/uOd7DNYpExfSSu+1IGAB+9bv7Y7+rZa0vOddICHrwQdnYH8HLRVQN+E1\nYImyMjm70Kg9eL47GhtIki2NF0cz+8e1VU0evoRLXj+73/VtH/04hk9QUra9zKsC\nAtmiahsYBFghE1GDXBoyiD0LzihDgxdtoFgjeKyVVFdRDJTHlvWGQHOIp2Nl7Ec5\nXdS90d9VOSa8Q4D6l93qbs+vPVeUqNpD1J3/gs0vCSqsmjTw8Wv6hlHlo2gJb2OF\n+fMFkyYhiwIDAQABo4IC/TCCAvkwHwYDVR0jBBgwFoAUWaRmBlKge5WSPKOUByeW\ndFv5PdAwHQYDVR0OBBYEFCWz4oZJ/f9q6s7r9BZZkSMXY4F6MC4GA1UdEQQnMCWC\nI29pZGMuZWtzLmV1LWNlbnRyYWwtMS5hbWF6b25hd3MuY29tMA4GA1UdDwEB/wQE\nAwIFoDAdBgNVHSUEFjAUBggrBgEFBQcDAQYIKwYBBQUHAwIwPQYDVR0fBDYwNDAy\noDCgLoYsaHR0cDovL2NybC5zY2ExYi5hbWF6b250cnVzdC5jb20vc2NhMWItMS5j\ncmwwEwYDVR0gBAwwCjAIBgZngQwBAgEwdQYIKwYBBQUHAQEEaTBnMC0GCCsGAQUF\nBzABhiFodHRwOi8vb2NzcC5zY2ExYi5hbWF6b250cnVzdC5jb20wNgYIKwYBBQUH\nMAKGKmh0dHA6Ly9jcnQuc2NhMWIuYW1hem9udHJ1c3QuY29tL3NjYTFiLmNydDAM\nBgNVHRMBAf8EAjAAMIIBfQYKKwYBBAHWeQIEAgSCAW0EggFpAWcAdQDoPtDaPvUG\nNTLnVyi8iWvJA9PL0RFr7Otp4Xd9bQa9bgAAAYC/8crXAAAEAwBGMEQCIBO7D+B4\nMrPPZZqlK+/CJ/Da/acFjxh3Pa3RXWnTtX1JAiAoU+Bp+9NEIODrWL+lm2YqGPqS\n7p45ELjnENVA/kVSfAB2ADXPGRu/sWxXvw+tTG1Cy7u2JyAmUeo/4SrvqAPDO9ZM\nAAABgL/xyukAAAQDAEcwRQIgMARkLwQC+uPkJRpBMJjyMjyUklwV5F23gl/AO6mE\nZ4kCIQCUDnuUqe+tp2JHM+8NVPd2ak2iC1nxRySUPaQPRqzUQgB2ALc++yTfnE26\ndfI5xbpY9Gxd/ELPep81xJ4dCYEl7bSZAAABgL/xytkAAAQDAEcwRQIhAK4iWw5r\nH7pgp3z+OA/qNLinlbvdbWM0fMxik3q9ssuiAiBXiewO2xY1q6FNbqC+9bxcO2d4\ng9cKVFn+PBVxKWAb4zANBgkqhkiG9w0BAQsFAAOCAQEAcP36x9cdwsgcduWvyVkJ\n3q/NLX8Owm6u7kG5xwg4Nn/Z4SrbFym7hDCl6b9DfKz2Dfjy1y77UyCZ0EXwVY4q\n87p/s2k8KUAPQUIQfJemYh73J6B1X3QGgw/xeck914+0KssC8KqANIVnspQXDQcR\nRxXFry8X5OziaBtoETKLmAew2+WpDs4bfT3hTe29nphJHEsC0g1GZyrFnoG9p85Z\nDpnpcJ0vFyxDPnc2ZjSELSlFOvTMye+cTKB+YmYP50aAHTrpd7/OcWlaiYC478Q2\n5KSw76SAICjbTVDzdQf2W4Q4NhnUVs/GV3p5IRoLd9D3aZ6GwWwd+l7ggBVfP0pL\n/w==\n-----END CERTIFICATE-----\n",
                "is_ca": false,
                "issuer": "CN=Amazon,OU=Server CA 1B,O=Amazon,C=US",
                "not_after": "2023-06-12T23:59:59Z",
                "not_before": "2022-05-14T00:00:00Z",
                "public_key_algorithm": "RSA",
                "serial_number": "20949529573806528058444541072209571183",
                "sha1_fingerprint": "45f6cbedec2f49c9bedbd525d012b2b8137164d8",
                "signature_algorithm": "SHA256-RSA",
                "subject": "CN=oidc.eks.eu-central-1.amazonaws.com",
                "version": 3
              }
            ],
            "content": null,
            "id": "bf8ba0d9ad6cedb5b90164a464cd0cabab3df086",
            "url": "https://oidc.eks.eu-central-1.amazonaws.com/id/073605442518896DF3890DBDDBFAA994",
            "verify_chain": true
          },
          "sensitive_attributes": []
        }
      ]
    },
    {
      "module": "module.ClusterSetup.module.aws_resources",
      "mode": "managed",
      "type": "aws_eip",
      "name": "thesis",
      "provider": "module.ClusterSetup.provider[\"registry.terraform.io/hashicorp/aws\"]",
      "instances": [
        {
          "schema_version": 0,
          "attributes": {
            "address": null,
            "allocation_id": "eipalloc-0fbae12ae237388fc",
            "associate_with_private_ip": null,
            "association_id": "",
            "carrier_ip": "",
            "customer_owned_ip": "",
            "customer_owned_ipv4_pool": "",
            "domain": "vpc",
            "id": "eipalloc-0fbae12ae237388fc",
            "instance": "",
            "network_border_group": "eu-central-1",
            "network_interface": "",
            "private_dns": null,
            "private_ip": "",
            "public_dns": "ec2-3-74-12-146.eu-central-1.compute.amazonaws.com",
            "public_ip": "3.74.12.146",
            "public_ipv4_pool": "amazon",
            "tags": {
              "Name": "dev-thesis-nat"
            },
            "tags_all": {
              "Name": "dev-thesis-nat"
            },
            "timeouts": null,
            "vpc": true
          },
          "sensitive_attributes": [],
          "private": "eyJlMmJmYjczMC1lY2FhLTExZTYtOGY4OC0zNDM2M2JjN2M0YzAiOnsiZGVsZXRlIjoxODAwMDAwMDAwMDAsInJlYWQiOjkwMDAwMDAwMDAwMCwidXBkYXRlIjozMDAwMDAwMDAwMDB9fQ=="
        }
      ]
    },
    {
      "module": "module.ClusterSetup.module.aws_resources",
      "mode": "managed",
      "type": "aws_eks_cluster",
      "name": "thesis",
      "provider": "module.ClusterSetup.provider[\"registry.terraform.io/hashicorp/aws\"]",
      "instances": [
        {
          "schema_version": 0,
          "attributes": {
            "arn": "arn:aws:eks:eu-central-1:843588259092:cluster/dev-thesis-cluster",
            "certificate_authority": [
              {
                "data": "LS0tLS1CRUdJTiBDRVJUSUZJQ0FURS0tLS0tCk1JSUMvakNDQWVhZ0F3SUJBZ0lCQURBTkJna3Foa2lHOXcwQkFRc0ZBREFWTVJNd0VRWURWUVFERXdwcmRXSmwKY201bGRHVnpNQjRYRFRJek1ERXhNREl5TURFeU5Gb1hEVE16TURFd056SXlNREV5TkZvd0ZURVRNQkVHQTFVRQpBeE1LYTNWaVpYSnVaWFJsY3pDQ0FTSXdEUVlKS29aSWh2Y05BUUVCQlFBRGdnRVBBRENDQVFvQ2dnRUJBT0hNCjJrc051aGVOWklWYnZBQnJxNVk0VGwyT01uUEJWeWtvTkJlQzNkbFFQOTZoMmU2dWVTTmNpYkYvUUg2RUxSOXMKNkdBTWorUURFd2tUR2pQeDJVZ3l4cWRYbGZWRW1uVFNoTUdBR2kwdEtPSDdpK0VCWllhTW5xSmlZUXdlL1dWWgpxbGZ0d3hmeG5FK29xNHhtUjhtR3hCTFROWTlWOXhYb1pRaEF1VFdRNUd1aWhNNW10NE9EaVIrdU1OTE1JQURYClRPekNLZDFZWUVDNHB5RXdtamswUm1jcUNna3JNU0FmQWM5SGNFdWJwK3RTaVhGakhyN2VhRVVsWExrWDFLb1QKaTdLaUFoY2VpNXlVczUwbDF2Z0pHU21saTgyVUYxcnBhYjBVc1hGQnlPUjhnTGp4UWpUdGg1ZW9aZ0RwNEVGbwpZTjhrODJHTDhEZytnd1BjRmE4Q0F3RUFBYU5aTUZjd0RnWURWUjBQQVFIL0JBUURBZ0trTUE4R0ExVWRFd0VCCi93UUZNQU1CQWY4d0hRWURWUjBPQkJZRUZNVHdBTWc5TEZ1Vm5yVmk0eFlHdjBlaDNoMHhNQlVHQTFVZEVRUU8KTUF5Q0NtdDFZbVZ5Ym1WMFpYTXdEUVlKS29aSWh2Y05BUUVMQlFBRGdnRUJBQXBidXdKSVJJbWpkUVRsRE12dAovV3RaSXlsQlZSaC9rbTdDSU9JSm02K2pMdlpHY2tCcjJ4amhNcG02VjE5cktzNXExOEIwM0RqTXNKQkR6V0FoCk0rRmlwaFZOeFNqR2wyNzFtMFRwcUdZNUllTDEySTZIWnhoYm5tUVNmck1JN1dLbTdHaWE3N3R5akd6V1cyZncKU0xuWEJJdEFJOHYrUkVmdFJpbHVyVXc4NTc4Y2l5ZkoyUlQrdjlZNEdvcDBwMkM4WXhtYmx1S3ZtV3dCMUNCRQplM0Z6cnZmcWJZbFBVMXNCejVTMnB4ZWpvMXhiZ2dSYVp0TStjemxVU3FqeFk4ODk0dzJNOC93NFFNTjFQQ09BCjhjUGJLcEF2dWFTNFBmdy8rTWxMcmN4aXZmeEROQjRyVXVwVytzZG5xMHVUd2xSWGJCemJiYXozVERXeFg2QUkKcFMwPQotLS0tLUVORCBDRVJUSUZJQ0FURS0tLS0tCg=="
              }
            ],
            "cluster_id": null,
            "created_at": "2023-01-10 21:56:41.921 +0000 UTC",
            "enabled_cluster_log_types": null,
            "encryption_config": [],
            "endpoint": "https://073605442518896DF3890DBDDBFAA994.gr7.eu-central-1.eks.amazonaws.com",
            "id": "dev-thesis-cluster",
            "identity": [
              {
                "oidc": [
                  {
                    "issuer": "https://oidc.eks.eu-central-1.amazonaws.com/id/073605442518896DF3890DBDDBFAA994"
                  }
                ]
              }
            ],
            "kubernetes_network_config": [
              {
                "ip_family": "ipv4",
                "service_ipv4_cidr": "172.20.0.0/16",
                "service_ipv6_cidr": ""
              }
            ],
            "name": "dev-thesis-cluster",
            "outpost_config": [],
            "platform_version": "eks.3",
            "role_arn": "arn:aws:iam::843588259092:role/dev-thesis-cluster",
            "status": "ACTIVE",
            "tags": null,
            "tags_all": {},
            "timeouts": null,
            "version": "1.24",
            "vpc_config": [
              {
                "cluster_security_group_id": "sg-0f35badc2ec1a2cc5",
                "endpoint_private_access": false,
                "endpoint_public_access": true,
                "public_access_cidrs": [
                  "0.0.0.0/0"
                ],
                "security_group_ids": null,
                "subnet_ids": [
                  "subnet-052b480657c868055",
                  "subnet-07fdbc9db915aeca6",
                  "subnet-08f3ac9e14c702013"
                ],
                "vpc_id": "vpc-0dc24616122d27001"
              }
            ]
          },
          "sensitive_attributes": [],
          "private": "eyJlMmJmYjczMC1lY2FhLTExZTYtOGY4OC0zNDM2M2JjN2M0YzAiOnsiY3JlYXRlIjoxODAwMDAwMDAwMDAwLCJkZWxldGUiOjkwMDAwMDAwMDAwMCwidXBkYXRlIjozNjAwMDAwMDAwMDAwfX0=",
          "dependencies": [
            "module.ClusterSetup.module.aws_resources.aws_iam_role.thesis-cluster",
            "module.ClusterSetup.module.aws_resources.aws_iam_role_policy_attachment.AmazonEKSClusterPolicy",
            "module.ClusterSetup.module.aws_resources.aws_iam_role_policy_attachment.AmazonEKSVPCResourceController",
            "module.ClusterSetup.module.aws_resources.aws_subnet.thesis-private-1a",
            "module.ClusterSetup.module.aws_resources.aws_subnet.thesis-private-1b",
            "module.ClusterSetup.module.aws_resources.aws_subnet.thesis-public",
            "module.ClusterSetup.module.aws_resources.aws_vpc.thesis"
          ]
        }
      ]
    },
    {
      "module": "module.ClusterSetup.module.aws_resources",
      "mode": "managed",
      "type": "aws_eks_node_group",
      "name": "private-nodes",
      "provider": "module.ClusterSetup.provider[\"registry.terraform.io/hashicorp/aws\"]",
      "instances": [
        {
          "schema_version": 0,
          "attributes": {
            "ami_type": "AL2_x86_64",
            "arn": "arn:aws:eks:eu-central-1:843588259092:nodegroup/dev-thesis-cluster/dev-nodes/f6c2cedb-a753-2e5b-3125-28c5cfa3f51b",
            "capacity_type": "ON_DEMAND",
            "cluster_name": "dev-thesis-cluster",
            "disk_size": 20,
            "force_update_version": null,
            "id": "dev-thesis-cluster:dev-nodes",
            "instance_types": [
              "t2.medium"
            ],
            "labels": {
              "role": "general"
            },
            "launch_template": [],
            "node_group_name": "dev-nodes",
            "node_group_name_prefix": "",
            "node_role_arn": "arn:aws:iam::843588259092:role/dev-thesis-cluster-nodes",
            "release_version": "1.23.13-20230105",
            "remote_access": [],
            "resources": [
              {
                "autoscaling_groups": [
                  {
                    "name": "eks-dev-nodes-f6c2cedb-a753-2e5b-3125-28c5cfa3f51b"
                  }
                ],
                "remote_access_security_group_id": ""
              }
            ],
            "scaling_config": [
              {
                "desired_size": 2,
                "max_size": 5,
                "min_size": 1
              }
            ],
            "status": "ACTIVE",
            "subnet_ids": [
              "subnet-07fdbc9db915aeca6"
            ],
            "tags": null,
            "tags_all": {},
            "taint": [],
            "timeouts": null,
            "update_config": [
              {
                "max_unavailable": 1,
                "max_unavailable_percentage": 0
              }
            ],
            "version": "1.23"
          },
          "sensitive_attributes": [],
          "private": "eyJlMmJmYjczMC1lY2FhLTExZTYtOGY4OC0zNDM2M2JjN2M0YzAiOnsiY3JlYXRlIjozNjAwMDAwMDAwMDAwLCJkZWxldGUiOjM2MDAwMDAwMDAwMDAsInVwZGF0ZSI6MzYwMDAwMDAwMDAwMH19",
          "dependencies": [
            "module.ClusterSetup.module.aws_resources.aws_eks_cluster.thesis",
            "module.ClusterSetup.module.aws_resources.aws_iam_role.nodes",
            "module.ClusterSetup.module.aws_resources.aws_iam_role.thesis-cluster",
            "module.ClusterSetup.module.aws_resources.aws_iam_role_policy_attachment.AmazonEKSClusterPolicy",
            "module.ClusterSetup.module.aws_resources.aws_iam_role_policy_attachment.AmazonEKSVPCResourceController",
            "module.ClusterSetup.module.aws_resources.aws_iam_role_policy_attachment.nodes-AmazonEC2ContainerRegistryReadOnly",
            "module.ClusterSetup.module.aws_resources.aws_iam_role_policy_attachment.nodes-AmazonEKSWorkerNodePolicy",
            "module.ClusterSetup.module.aws_resources.aws_iam_role_policy_attachment.nodes-AmazonEKS_CNI_Policy",
            "module.ClusterSetup.module.aws_resources.aws_subnet.thesis-private-1a",
            "module.ClusterSetup.module.aws_resources.aws_subnet.thesis-private-1b",
            "module.ClusterSetup.module.aws_resources.aws_subnet.thesis-public",
            "module.ClusterSetup.module.aws_resources.aws_vpc.thesis"
          ]
        }
      ]
    },
    {
      "module": "module.ClusterSetup.module.aws_resources",
      "mode": "managed",
      "type": "aws_iam_openid_connect_provider",
      "name": "eks",
      "provider": "module.ClusterSetup.provider[\"registry.terraform.io/hashicorp/aws\"]",
      "instances": [
        {
          "schema_version": 0,
          "attributes": {
            "arn": "arn:aws:iam::843588259092:oidc-provider/oidc.eks.eu-central-1.amazonaws.com/id/073605442518896DF3890DBDDBFAA994",
            "client_id_list": [
              "sts.amazonaws.com"
            ],
            "id": "arn:aws:iam::843588259092:oidc-provider/oidc.eks.eu-central-1.amazonaws.com/id/073605442518896DF3890DBDDBFAA994",
            "tags": null,
            "tags_all": {},
            "thumbprint_list": [
              "9e99a48a9960b14926bb7f3b02e22da2b0ab7280"
            ],
            "url": "oidc.eks.eu-central-1.amazonaws.com/id/073605442518896DF3890DBDDBFAA994"
          },
          "sensitive_attributes": [],
          "private": "bnVsbA==",
          "dependencies": [
            "module.ClusterSetup.module.aws_resources.aws_eks_cluster.thesis",
            "module.ClusterSetup.module.aws_resources.aws_iam_role.thesis-cluster",
            "module.ClusterSetup.module.aws_resources.aws_iam_role_policy_attachment.AmazonEKSClusterPolicy",
            "module.ClusterSetup.module.aws_resources.aws_iam_role_policy_attachment.AmazonEKSVPCResourceController",
            "module.ClusterSetup.module.aws_resources.aws_subnet.thesis-private-1a",
            "module.ClusterSetup.module.aws_resources.aws_subnet.thesis-private-1b",
            "module.ClusterSetup.module.aws_resources.aws_subnet.thesis-public",
            "module.ClusterSetup.module.aws_resources.aws_vpc.thesis",
            "module.ClusterSetup.module.aws_resources.data.tls_certificate.eks"
          ]
        }
      ]
    },
    {
      "module": "module.ClusterSetup.module.aws_resources",
      "mode": "managed",
      "type": "aws_iam_policy",
      "name": "external-secrets-irsa",
      "provider": "module.ClusterSetup.provider[\"registry.terraform.io/hashicorp/aws\"]",
      "instances": [
        {
          "schema_version": 0,
          "attributes": {
            "arn": "arn:aws:iam::843588259092:policy/dev-external-secrets-irsa-secretsmanager-access",
            "description": "",
            "id": "arn:aws:iam::843588259092:policy/dev-external-secrets-irsa-secretsmanager-access",
            "name": "dev-external-secrets-irsa-secretsmanager-access",
            "name_prefix": null,
            "path": "/",
            "policy": "{\"Statement\":[{\"Action\":[\"secretsmanager:GetResourcePolicy\",\"secretsmanager:GetSecretValue\",\"secretsmanager:DescribeSecret\",\"secretsmanager:ListSecretVersionIds\"],\"Effect\":\"Allow\",\"Resource\":\"arn:aws:secretsmanager:eu-central-1:843588259092:secret:*\"}],\"Version\":\"2012-10-17\"}",
            "policy_id": "ANPA4I2OHJUKENEP4MH24",
            "tags": null,
            "tags_all": {}
          },
          "sensitive_attributes": [],
          "private": "bnVsbA=="
        }
      ]
    },
    {
      "module": "module.ClusterSetup.module.aws_resources",
      "mode": "managed",
      "type": "aws_iam_policy",
      "name": "thesis-sa-allow-everything",
      "provider": "module.ClusterSetup.provider[\"registry.terraform.io/hashicorp/aws\"]",
      "instances": [
        {
          "schema_version": 0,
          "attributes": {
            "arn": "arn:aws:iam::843588259092:policy/dev-thesis-sa-allow-everything",
            "description": "",
            "id": "arn:aws:iam::843588259092:policy/dev-thesis-sa-allow-everything",
            "name": "dev-thesis-sa-allow-everything",
            "name_prefix": null,
            "path": "/",
            "policy": "{\"Statement\":[{\"Action\":[\"*\"],\"Effect\":\"Allow\",\"Resource\":\"*\"}],\"Version\":\"2012-10-17\"}",
            "policy_id": "ANPA4I2OHJUKBMNF4JGRX",
            "tags": null,
            "tags_all": {}
          },
          "sensitive_attributes": [],
          "private": "bnVsbA=="
        }
      ]
    },
    {
      "module": "module.ClusterSetup.module.aws_resources",
      "mode": "managed",
      "type": "aws_iam_role",
      "name": "external-secrets-irsa",
      "provider": "module.ClusterSetup.provider[\"registry.terraform.io/hashicorp/aws\"]",
      "instances": [
        {
          "schema_version": 0,
          "attributes": {
            "arn": "arn:aws:iam::843588259092:role/dev-external-secrets-irsa",
            "assume_role_policy": "{\"Statement\":[{\"Action\":\"sts:AssumeRoleWithWebIdentity\",\"Condition\":{\"StringLike\":{\"oidc.eks.eu-central-1.amazonaws.com/id/073605442518896DF3890DBDDBFAA994:sub\":\"system:serviceaccount:team2:*\"}},\"Effect\":\"Allow\",\"Principal\":{\"Federated\":\"arn:aws:iam::843588259092:oidc-provider/oidc.eks.eu-central-1.amazonaws.com/id/073605442518896DF3890DBDDBFAA994\"},\"Sid\":\"\"}],\"Version\":\"2012-10-17\"}",
            "create_date": "2023-01-10T22:05:15Z",
            "description": "",
            "force_detach_policies": false,
            "id": "dev-external-secrets-irsa",
            "inline_policy": [],
            "managed_policy_arns": [],
            "max_session_duration": 3600,
            "name": "dev-external-secrets-irsa",
            "name_prefix": "",
            "path": "/",
            "permissions_boundary": null,
            "tags": null,
            "tags_all": {},
            "unique_id": "AROA4I2OHJUKGSNGYQOXN"
          },
          "sensitive_attributes": [],
          "private": "bnVsbA==",
          "dependencies": [
            "module.ClusterSetup.module.aws_resources.aws_eks_cluster.thesis",
            "module.ClusterSetup.module.aws_resources.aws_iam_openid_connect_provider.eks",
            "module.ClusterSetup.module.aws_resources.aws_iam_role.thesis-cluster",
            "module.ClusterSetup.module.aws_resources.aws_iam_role_policy_attachment.AmazonEKSClusterPolicy",
            "module.ClusterSetup.module.aws_resources.aws_iam_role_policy_attachment.AmazonEKSVPCResourceController",
            "module.ClusterSetup.module.aws_resources.aws_subnet.thesis-private-1a",
            "module.ClusterSetup.module.aws_resources.aws_subnet.thesis-private-1b",
            "module.ClusterSetup.module.aws_resources.aws_subnet.thesis-public",
            "module.ClusterSetup.module.aws_resources.aws_vpc.thesis",
            "module.ClusterSetup.module.aws_resources.data.aws_iam_policy_document.external-secrets-irsa-assume",
            "module.ClusterSetup.module.aws_resources.data.tls_certificate.eks"
          ]
        }
      ]
    },
    {
      "module": "module.ClusterSetup.module.aws_resources",
      "mode": "managed",
      "type": "aws_iam_role",
      "name": "nodes",
      "provider": "module.ClusterSetup.provider[\"registry.terraform.io/hashicorp/aws\"]",
      "instances": [
        {
          "schema_version": 0,
          "attributes": {
            "arn": "arn:aws:iam::843588259092:role/dev-thesis-cluster-nodes",
            "assume_role_policy": "{\"Statement\":[{\"Action\":\"sts:AssumeRole\",\"Effect\":\"Allow\",\"Principal\":{\"Service\":\"ec2.amazonaws.com\"}}],\"Version\":\"2012-10-17\"}",
            "create_date": "2023-01-10T21:56:16Z",
            "description": "",
            "force_detach_policies": false,
            "id": "dev-thesis-cluster-nodes",
            "inline_policy": [],
            "managed_policy_arns": [],
            "max_session_duration": 3600,
            "name": "dev-thesis-cluster-nodes",
            "name_prefix": "",
            "path": "/",
            "permissions_boundary": null,
            "tags": null,
            "tags_all": {},
            "unique_id": "AROA4I2OHJUKHJWUGHGKV"
          },
          "sensitive_attributes": [],
          "private": "bnVsbA=="
        }
      ]
    },
    {
      "module": "module.ClusterSetup.module.aws_resources",
      "mode": "managed",
      "type": "aws_iam_role",
      "name": "thesis-cluster",
      "provider": "module.ClusterSetup.provider[\"registry.terraform.io/hashicorp/aws\"]",
      "instances": [
        {
          "schema_version": 0,
          "attributes": {
            "arn": "arn:aws:iam::843588259092:role/dev-thesis-cluster",
            "assume_role_policy": "{\"Statement\":[{\"Action\":\"sts:AssumeRole\",\"Effect\":\"Allow\",\"Principal\":{\"Service\":\"eks.amazonaws.com\"}}],\"Version\":\"2012-10-17\"}",
            "create_date": "2023-01-10T21:56:16Z",
            "description": "",
            "force_detach_policies": false,
            "id": "dev-thesis-cluster",
            "inline_policy": [],
            "managed_policy_arns": [],
            "max_session_duration": 3600,
            "name": "dev-thesis-cluster",
            "name_prefix": "",
            "path": "/",
            "permissions_boundary": null,
            "tags": null,
            "tags_all": {},
            "unique_id": "AROA4I2OHJUKKO36CDO3T"
          },
          "sensitive_attributes": [],
          "private": "bnVsbA=="
        }
      ]
    },
    {
      "module": "module.ClusterSetup.module.aws_resources",
      "mode": "managed",
      "type": "aws_iam_role",
      "name": "thesis-sa",
      "provider": "module.ClusterSetup.provider[\"registry.terraform.io/hashicorp/aws\"]",
      "instances": [
        {
          "schema_version": 0,
          "attributes": {
            "arn": "arn:aws:iam::843588259092:role/dev-thesis-sa",
            "assume_role_policy": "{\"Statement\":[{\"Action\":\"sts:AssumeRoleWithWebIdentity\",\"Condition\":{\"ForAnyValue:StringLike\":{\"oidc.eks.eu-central-1.amazonaws.com/id/073605442518896DF3890DBDDBFAA994:sub\":[\"system:serviceaccount:crossplane-system:*\",\"system:serviceaccount:argocd-system:*\"]}},\"Effect\":\"Allow\",\"Principal\":{\"Federated\":\"arn:aws:iam::843588259092:oidc-provider/oidc.eks.eu-central-1.amazonaws.com/id/073605442518896DF3890DBDDBFAA994\"},\"Sid\":\"\"},{\"Action\":[\"sts:SetSourceIdentity\",\"sts:AssumeRole\"],\"Effect\":\"Allow\",\"Principal\":{\"AWS\":\"arn:aws:sts::111802884793:assumed-role/sso/Ismail.Huerriyetoglu@bmw.de\"},\"Sid\":\"\"},{\"Action\":\"sts:AssumeRole\",\"Condition\":{\"ArnLike\":{\"aws:PrincipalArn\":\"arn:aws:iam::843588259092:role/dev-thesis-sa\"}},\"Effect\":\"Allow\",\"Principal\":{\"AWS\":\"*\"},\"Sid\":\"\"}],\"Version\":\"2012-10-17\"}",
            "create_date": "2023-01-10T22:05:15Z",
            "description": "",
            "force_detach_policies": false,
            "id": "dev-thesis-sa",
            "inline_policy": [],
            "managed_policy_arns": [],
            "max_session_duration": 3600,
            "name": "dev-thesis-sa",
            "name_prefix": "",
            "path": "/",
            "permissions_boundary": null,
            "tags": null,
            "tags_all": {},
            "unique_id": "AROA4I2OHJUKKEOUEVJ4L"
          },
          "sensitive_attributes": [],
          "private": "bnVsbA==",
          "dependencies": [
            "module.ClusterSetup.module.aws_resources.aws_eks_cluster.thesis",
            "module.ClusterSetup.module.aws_resources.aws_iam_openid_connect_provider.eks",
            "module.ClusterSetup.module.aws_resources.aws_iam_role.thesis-cluster",
            "module.ClusterSetup.module.aws_resources.aws_iam_role_policy_attachment.AmazonEKSClusterPolicy",
            "module.ClusterSetup.module.aws_resources.aws_iam_role_policy_attachment.AmazonEKSVPCResourceController",
            "module.ClusterSetup.module.aws_resources.aws_subnet.thesis-private-1a",
            "module.ClusterSetup.module.aws_resources.aws_subnet.thesis-private-1b",
            "module.ClusterSetup.module.aws_resources.aws_subnet.thesis-public",
            "module.ClusterSetup.module.aws_resources.aws_vpc.thesis",
            "module.ClusterSetup.module.aws_resources.data.aws_caller_identity.current",
            "module.ClusterSetup.module.aws_resources.data.aws_iam_policy_document.thesis-sa-assume",
            "module.ClusterSetup.module.aws_resources.data.tls_certificate.eks"
          ]
        }
      ]
    },
    {
      "module": "module.ClusterSetup.module.aws_resources",
      "mode": "managed",
      "type": "aws_iam_role_policy_attachment",
      "name": "AmazonEKSClusterPolicy",
      "provider": "module.ClusterSetup.provider[\"registry.terraform.io/hashicorp/aws\"]",
      "instances": [
        {
          "schema_version": 0,
          "attributes": {
            "id": "dev-thesis-cluster-20230110215617608500000005",
            "policy_arn": "arn:aws:iam::aws:policy/AmazonEKSClusterPolicy",
            "role": "dev-thesis-cluster"
          },
          "sensitive_attributes": [],
          "private": "bnVsbA==",
          "dependencies": [
            "module.ClusterSetup.module.aws_resources.aws_iam_role.thesis-cluster"
          ]
        }
      ]
    },
    {
      "module": "module.ClusterSetup.module.aws_resources",
      "mode": "managed",
      "type": "aws_iam_role_policy_attachment",
      "name": "AmazonEKSVPCResourceController",
      "provider": "module.ClusterSetup.provider[\"registry.terraform.io/hashicorp/aws\"]",
      "instances": [
        {
          "schema_version": 0,
          "attributes": {
            "id": "dev-thesis-cluster-20230110215617312900000002",
            "policy_arn": "arn:aws:iam::aws:policy/AmazonEKSVPCResourceController",
            "role": "dev-thesis-cluster"
          },
          "sensitive_attributes": [],
          "private": "bnVsbA==",
          "dependencies": [
            "module.ClusterSetup.module.aws_resources.aws_iam_role.thesis-cluster"
          ]
        }
      ]
    },
    {
      "module": "module.ClusterSetup.module.aws_resources",
      "mode": "managed",
      "type": "aws_iam_role_policy_attachment",
      "name": "external-secrets-irsa",
      "provider": "module.ClusterSetup.provider[\"registry.terraform.io/hashicorp/aws\"]",
      "instances": [
        {
          "schema_version": 0,
          "attributes": {
            "id": "dev-external-secrets-irsa-20230110220516578400000008",
            "policy_arn": "arn:aws:iam::843588259092:policy/dev-external-secrets-irsa-secretsmanager-access",
            "role": "dev-external-secrets-irsa"
          },
          "sensitive_attributes": [],
          "private": "bnVsbA==",
          "dependencies": [
            "module.ClusterSetup.module.aws_resources.aws_eks_cluster.thesis",
            "module.ClusterSetup.module.aws_resources.aws_iam_openid_connect_provider.eks",
            "module.ClusterSetup.module.aws_resources.aws_iam_policy.external-secrets-irsa",
            "module.ClusterSetup.module.aws_resources.aws_iam_role.external-secrets-irsa",
            "module.ClusterSetup.module.aws_resources.aws_iam_role.thesis-cluster",
            "module.ClusterSetup.module.aws_resources.aws_iam_role_policy_attachment.AmazonEKSClusterPolicy",
            "module.ClusterSetup.module.aws_resources.aws_iam_role_policy_attachment.AmazonEKSVPCResourceController",
            "module.ClusterSetup.module.aws_resources.aws_subnet.thesis-private-1a",
            "module.ClusterSetup.module.aws_resources.aws_subnet.thesis-private-1b",
            "module.ClusterSetup.module.aws_resources.aws_subnet.thesis-public",
            "module.ClusterSetup.module.aws_resources.aws_vpc.thesis",
            "module.ClusterSetup.module.aws_resources.data.aws_iam_policy_document.external-secrets-irsa-assume",
            "module.ClusterSetup.module.aws_resources.data.tls_certificate.eks"
          ]
        }
      ]
    },
    {
      "module": "module.ClusterSetup.module.aws_resources",
      "mode": "managed",
      "type": "aws_iam_role_policy_attachment",
      "name": "nodes-AmazonEC2ContainerRegistryReadOnly",
      "provider": "module.ClusterSetup.provider[\"registry.terraform.io/hashicorp/aws\"]",
      "instances": [
        {
          "schema_version": 0,
          "attributes": {
            "id": "dev-thesis-cluster-nodes-20230110215617500500000004",
            "policy_arn": "arn:aws:iam::aws:policy/AmazonEC2ContainerRegistryReadOnly",
            "role": "dev-thesis-cluster-nodes"
          },
          "sensitive_attributes": [],
          "private": "bnVsbA==",
          "dependencies": [
            "module.ClusterSetup.module.aws_resources.aws_iam_role.nodes"
          ]
        }
      ]
    },
    {
      "module": "module.ClusterSetup.module.aws_resources",
      "mode": "managed",
      "type": "aws_iam_role_policy_attachment",
      "name": "nodes-AmazonEKSWorkerNodePolicy",
      "provider": "module.ClusterSetup.provider[\"registry.terraform.io/hashicorp/aws\"]",
      "instances": [
        {
          "schema_version": 0,
          "attributes": {
            "id": "dev-thesis-cluster-nodes-20230110215617326200000003",
            "policy_arn": "arn:aws:iam::aws:policy/AmazonEKSWorkerNodePolicy",
            "role": "dev-thesis-cluster-nodes"
          },
          "sensitive_attributes": [],
          "private": "bnVsbA==",
          "dependencies": [
            "module.ClusterSetup.module.aws_resources.aws_iam_role.nodes"
          ]
        }
      ]
    },
    {
      "module": "module.ClusterSetup.module.aws_resources",
      "mode": "managed",
      "type": "aws_iam_role_policy_attachment",
      "name": "nodes-AmazonEKS_CNI_Policy",
      "provider": "module.ClusterSetup.provider[\"registry.terraform.io/hashicorp/aws\"]",
      "instances": [
        {
          "schema_version": 0,
          "attributes": {
            "id": "dev-thesis-cluster-nodes-20230110215617302500000001",
            "policy_arn": "arn:aws:iam::aws:policy/AmazonEKS_CNI_Policy",
            "role": "dev-thesis-cluster-nodes"
          },
          "sensitive_attributes": [],
          "private": "bnVsbA==",
          "dependencies": [
            "module.ClusterSetup.module.aws_resources.aws_iam_role.nodes"
          ]
        }
      ]
    },
    {
      "module": "module.ClusterSetup.module.aws_resources",
      "mode": "managed",
      "type": "aws_iam_role_policy_attachment",
      "name": "test_attach",
      "provider": "module.ClusterSetup.provider[\"registry.terraform.io/hashicorp/aws\"]",
      "instances": [
        {
          "schema_version": 0,
          "attributes": {
            "id": "dev-thesis-sa-20230110220516691200000009",
            "policy_arn": "arn:aws:iam::843588259092:policy/dev-thesis-sa-allow-everything",
            "role": "dev-thesis-sa"
          },
          "sensitive_attributes": [],
          "private": "bnVsbA==",
          "dependencies": [
            "module.ClusterSetup.module.aws_resources.aws_eks_cluster.thesis",
            "module.ClusterSetup.module.aws_resources.aws_iam_openid_connect_provider.eks",
            "module.ClusterSetup.module.aws_resources.aws_iam_policy.thesis-sa-allow-everything",
            "module.ClusterSetup.module.aws_resources.aws_iam_role.thesis-cluster",
            "module.ClusterSetup.module.aws_resources.aws_iam_role.thesis-sa",
            "module.ClusterSetup.module.aws_resources.aws_iam_role_policy_attachment.AmazonEKSClusterPolicy",
            "module.ClusterSetup.module.aws_resources.aws_iam_role_policy_attachment.AmazonEKSVPCResourceController",
            "module.ClusterSetup.module.aws_resources.aws_subnet.thesis-private-1a",
            "module.ClusterSetup.module.aws_resources.aws_subnet.thesis-private-1b",
            "module.ClusterSetup.module.aws_resources.aws_subnet.thesis-public",
            "module.ClusterSetup.module.aws_resources.aws_vpc.thesis",
            "module.ClusterSetup.module.aws_resources.data.aws_caller_identity.current",
            "module.ClusterSetup.module.aws_resources.data.aws_iam_policy_document.thesis-sa-assume",
            "module.ClusterSetup.module.aws_resources.data.tls_certificate.eks"
          ]
        }
      ]
    },
    {
      "module": "module.ClusterSetup.module.aws_resources",
      "mode": "managed",
      "type": "aws_internet_gateway",
      "name": "thesis",
      "provider": "module.ClusterSetup.provider[\"registry.terraform.io/hashicorp/aws\"]",
      "instances": [
        {
          "schema_version": 0,
          "attributes": {
            "arn": "arn:aws:ec2:eu-central-1:843588259092:internet-gateway/igw-0388decf8274ae2d3",
            "id": "igw-0388decf8274ae2d3",
            "owner_id": "843588259092",
            "tags": {
              "Name": "dev-thesis"
            },
            "tags_all": {
              "Name": "dev-thesis"
            },
            "timeouts": null,
            "vpc_id": "vpc-0dc24616122d27001"
          },
          "sensitive_attributes": [],
          "private": "eyJlMmJmYjczMC1lY2FhLTExZTYtOGY4OC0zNDM2M2JjN2M0YzAiOnsiY3JlYXRlIjoxMjAwMDAwMDAwMDAwLCJkZWxldGUiOjEyMDAwMDAwMDAwMDAsInVwZGF0ZSI6MTIwMDAwMDAwMDAwMH19",
          "dependencies": [
            "module.ClusterSetup.module.aws_resources.aws_vpc.thesis"
          ]
        }
      ]
    },
    {
      "module": "module.ClusterSetup.module.aws_resources",
      "mode": "managed",
      "type": "aws_nat_gateway",
      "name": "thesis",
      "provider": "module.ClusterSetup.provider[\"registry.terraform.io/hashicorp/aws\"]",
      "instances": [
        {
          "schema_version": 0,
          "attributes": {
            "allocation_id": "eipalloc-0fbae12ae237388fc",
            "connectivity_type": "public",
            "id": "nat-03c533378ea6b2d2e",
            "network_interface_id": "eni-051ea49a4adf69551",
            "private_ip": "10.19.2.65",
            "public_ip": "3.74.12.146",
            "subnet_id": "subnet-08f3ac9e14c702013",
            "tags": {
              "Name": "dev-thesis"
            },
            "tags_all": {
              "Name": "dev-thesis"
            }
          },
          "sensitive_attributes": [],
          "private": "bnVsbA==",
          "dependencies": [
            "module.ClusterSetup.module.aws_resources.aws_eip.thesis",
            "module.ClusterSetup.module.aws_resources.aws_internet_gateway.thesis",
            "module.ClusterSetup.module.aws_resources.aws_subnet.thesis-public",
            "module.ClusterSetup.module.aws_resources.aws_vpc.thesis"
          ]
        }
      ]
    },
    {
      "module": "module.ClusterSetup.module.aws_resources",
      "mode": "managed",
      "type": "aws_route_table",
      "name": "private",
      "provider": "module.ClusterSetup.provider[\"registry.terraform.io/hashicorp/aws\"]",
      "instances": [
        {
          "schema_version": 0,
          "attributes": {
            "arn": "arn:aws:ec2:eu-central-1:843588259092:route-table/rtb-00795d11bc856ad7c",
            "id": "rtb-00795d11bc856ad7c",
            "owner_id": "843588259092",
            "propagating_vgws": [],
            "route": [
              {
                "carrier_gateway_id": "",
                "cidr_block": "0.0.0.0/0",
                "core_network_arn": "",
                "destination_prefix_list_id": "",
                "egress_only_gateway_id": "",
                "gateway_id": "",
                "instance_id": "",
                "ipv6_cidr_block": "",
                "local_gateway_id": "",
                "nat_gateway_id": "nat-03c533378ea6b2d2e",
                "network_interface_id": "",
                "transit_gateway_id": "",
                "vpc_endpoint_id": "",
                "vpc_peering_connection_id": ""
              }
            ],
            "tags": {
              "Name": "dev-thesis-private"
            },
            "tags_all": {
              "Name": "dev-thesis-private"
            },
            "timeouts": null,
            "vpc_id": "vpc-0dc24616122d27001"
          },
          "sensitive_attributes": [],
          "private": "eyJlMmJmYjczMC1lY2FhLTExZTYtOGY4OC0zNDM2M2JjN2M0YzAiOnsiY3JlYXRlIjozMDAwMDAwMDAwMDAsImRlbGV0ZSI6MzAwMDAwMDAwMDAwLCJ1cGRhdGUiOjEyMDAwMDAwMDAwMH19",
          "dependencies": [
            "module.ClusterSetup.module.aws_resources.aws_eip.thesis",
            "module.ClusterSetup.module.aws_resources.aws_internet_gateway.thesis",
            "module.ClusterSetup.module.aws_resources.aws_nat_gateway.thesis",
            "module.ClusterSetup.module.aws_resources.aws_subnet.thesis-public",
            "module.ClusterSetup.module.aws_resources.aws_vpc.thesis"
          ]
        }
      ]
    },
    {
      "module": "module.ClusterSetup.module.aws_resources",
      "mode": "managed",
      "type": "aws_route_table",
      "name": "public",
      "provider": "module.ClusterSetup.provider[\"registry.terraform.io/hashicorp/aws\"]",
      "instances": [
        {
          "schema_version": 0,
          "attributes": {
            "arn": "arn:aws:ec2:eu-central-1:843588259092:route-table/rtb-0e78b32bfc583d538",
            "id": "rtb-0e78b32bfc583d538",
            "owner_id": "843588259092",
            "propagating_vgws": [],
            "route": [
              {
                "carrier_gateway_id": "",
                "cidr_block": "0.0.0.0/0",
                "core_network_arn": "",
                "destination_prefix_list_id": "",
                "egress_only_gateway_id": "",
                "gateway_id": "igw-0388decf8274ae2d3",
                "instance_id": "",
                "ipv6_cidr_block": "",
                "local_gateway_id": "",
                "nat_gateway_id": "",
                "network_interface_id": "",
                "transit_gateway_id": "",
                "vpc_endpoint_id": "",
                "vpc_peering_connection_id": ""
              }
            ],
            "tags": {
              "Name": "dev-thesis-public"
            },
            "tags_all": {
              "Name": "dev-thesis-public"
            },
            "timeouts": null,
            "vpc_id": "vpc-0dc24616122d27001"
          },
          "sensitive_attributes": [],
          "private": "eyJlMmJmYjczMC1lY2FhLTExZTYtOGY4OC0zNDM2M2JjN2M0YzAiOnsiY3JlYXRlIjozMDAwMDAwMDAwMDAsImRlbGV0ZSI6MzAwMDAwMDAwMDAwLCJ1cGRhdGUiOjEyMDAwMDAwMDAwMH19",
          "dependencies": [
            "module.ClusterSetup.module.aws_resources.aws_internet_gateway.thesis",
            "module.ClusterSetup.module.aws_resources.aws_vpc.thesis"
          ]
        }
      ]
    },
    {
      "module": "module.ClusterSetup.module.aws_resources",
      "mode": "managed",
      "type": "aws_route_table_association",
      "name": "public",
      "provider": "module.ClusterSetup.provider[\"registry.terraform.io/hashicorp/aws\"]",
      "instances": [
        {
          "schema_version": 0,
          "attributes": {
            "gateway_id": "",
            "id": "rtbassoc-02cfb5a00bd607cab",
            "route_table_id": "rtb-0e78b32bfc583d538",
            "subnet_id": "subnet-08f3ac9e14c702013"
          },
          "sensitive_attributes": [],
          "private": "bnVsbA==",
          "dependencies": [
            "module.ClusterSetup.module.aws_resources.aws_internet_gateway.thesis",
            "module.ClusterSetup.module.aws_resources.aws_route_table.public",
            "module.ClusterSetup.module.aws_resources.aws_subnet.thesis-public",
            "module.ClusterSetup.module.aws_resources.aws_vpc.thesis"
          ]
        }
      ]
    },
    {
      "module": "module.ClusterSetup.module.aws_resources",
      "mode": "managed",
      "type": "aws_route_table_association",
      "name": "thesis-private-1a",
      "provider": "module.ClusterSetup.provider[\"registry.terraform.io/hashicorp/aws\"]",
      "instances": [
        {
          "schema_version": 0,
          "attributes": {
            "gateway_id": "",
            "id": "rtbassoc-0e45024ac9174b2b5",
            "route_table_id": "rtb-00795d11bc856ad7c",
            "subnet_id": "subnet-07fdbc9db915aeca6"
          },
          "sensitive_attributes": [],
          "private": "bnVsbA==",
          "dependencies": [
            "module.ClusterSetup.module.aws_resources.aws_eip.thesis",
            "module.ClusterSetup.module.aws_resources.aws_internet_gateway.thesis",
            "module.ClusterSetup.module.aws_resources.aws_nat_gateway.thesis",
            "module.ClusterSetup.module.aws_resources.aws_route_table.private",
            "module.ClusterSetup.module.aws_resources.aws_subnet.thesis-private-1a",
            "module.ClusterSetup.module.aws_resources.aws_subnet.thesis-public",
            "module.ClusterSetup.module.aws_resources.aws_vpc.thesis"
          ]
        }
      ]
    },
    {
      "module": "module.ClusterSetup.module.aws_resources",
      "mode": "managed",
      "type": "aws_route_table_association",
      "name": "thesis-public-1b",
      "provider": "module.ClusterSetup.provider[\"registry.terraform.io/hashicorp/aws\"]",
      "instances": [
        {
          "schema_version": 0,
          "attributes": {
            "gateway_id": "",
            "id": "rtbassoc-0b704041c995e5dc8",
            "route_table_id": "rtb-00795d11bc856ad7c",
            "subnet_id": "subnet-052b480657c868055"
          },
          "sensitive_attributes": [],
          "private": "bnVsbA==",
          "dependencies": [
            "module.ClusterSetup.module.aws_resources.aws_eip.thesis",
            "module.ClusterSetup.module.aws_resources.aws_internet_gateway.thesis",
            "module.ClusterSetup.module.aws_resources.aws_nat_gateway.thesis",
            "module.ClusterSetup.module.aws_resources.aws_route_table.private",
            "module.ClusterSetup.module.aws_resources.aws_subnet.thesis-private-1b",
            "module.ClusterSetup.module.aws_resources.aws_subnet.thesis-public",
            "module.ClusterSetup.module.aws_resources.aws_vpc.thesis"
          ]
        }
      ]
    },
    {
      "module": "module.ClusterSetup.module.aws_resources",
      "mode": "managed",
      "type": "aws_subnet",
      "name": "thesis-private-1a",
      "provider": "module.ClusterSetup.provider[\"registry.terraform.io/hashicorp/aws\"]",
      "instances": [
        {
          "schema_version": 1,
          "attributes": {
            "arn": "arn:aws:ec2:eu-central-1:843588259092:subnet/subnet-07fdbc9db915aeca6",
            "assign_ipv6_address_on_creation": false,
            "availability_zone": "eu-central-1a",
            "availability_zone_id": "euc1-az2",
            "cidr_block": "10.19.0.0/24",
            "customer_owned_ipv4_pool": "",
            "enable_dns64": false,
            "enable_resource_name_dns_a_record_on_launch": false,
            "enable_resource_name_dns_aaaa_record_on_launch": false,
            "id": "subnet-07fdbc9db915aeca6",
            "ipv6_cidr_block": "",
            "ipv6_cidr_block_association_id": "",
            "ipv6_native": false,
            "map_customer_owned_ip_on_launch": false,
            "map_public_ip_on_launch": false,
            "outpost_arn": "",
            "owner_id": "843588259092",
            "private_dns_hostname_type_on_launch": "ip-name",
            "tags": {
              "Name": "dev-thesis-private-1a",
              "kubernetes.io/cluster/dev-thesis-cluster": "owned",
              "kubernetes.io/role/internal-elb": "1"
            },
            "tags_all": {
              "Name": "dev-thesis-private-1a",
              "kubernetes.io/cluster/dev-thesis-cluster": "owned",
              "kubernetes.io/role/internal-elb": "1"
            },
            "timeouts": null,
            "vpc_id": "vpc-0dc24616122d27001"
          },
          "sensitive_attributes": [],
          "private": "eyJlMmJmYjczMC1lY2FhLTExZTYtOGY4OC0zNDM2M2JjN2M0YzAiOnsiY3JlYXRlIjo2MDAwMDAwMDAwMDAsImRlbGV0ZSI6MTIwMDAwMDAwMDAwMH0sInNjaGVtYV92ZXJzaW9uIjoiMSJ9",
          "dependencies": [
            "module.ClusterSetup.module.aws_resources.aws_vpc.thesis"
          ]
        }
      ]
    },
    {
      "module": "module.ClusterSetup.module.aws_resources",
      "mode": "managed",
      "type": "aws_subnet",
      "name": "thesis-private-1b",
      "provider": "module.ClusterSetup.provider[\"registry.terraform.io/hashicorp/aws\"]",
      "instances": [
        {
          "schema_version": 1,
          "attributes": {
            "arn": "arn:aws:ec2:eu-central-1:843588259092:subnet/subnet-052b480657c868055",
            "assign_ipv6_address_on_creation": false,
            "availability_zone": "eu-central-1b",
            "availability_zone_id": "euc1-az3",
            "cidr_block": "10.19.1.0/24",
            "customer_owned_ipv4_pool": "",
            "enable_dns64": false,
            "enable_resource_name_dns_a_record_on_launch": false,
            "enable_resource_name_dns_aaaa_record_on_launch": false,
            "id": "subnet-052b480657c868055",
            "ipv6_cidr_block": "",
            "ipv6_cidr_block_association_id": "",
            "ipv6_native": false,
            "map_customer_owned_ip_on_launch": false,
            "map_public_ip_on_launch": false,
            "outpost_arn": "",
            "owner_id": "843588259092",
            "private_dns_hostname_type_on_launch": "ip-name",
            "tags": {
              "Name": "dev-thesis-private-1b",
              "kubernetes.io/cluster/dev-thesis-cluster": "owned",
              "kubernetes.io/role/internal-elb": "1"
            },
            "tags_all": {
              "Name": "dev-thesis-private-1b",
              "kubernetes.io/cluster/dev-thesis-cluster": "owned",
              "kubernetes.io/role/internal-elb": "1"
            },
            "timeouts": null,
            "vpc_id": "vpc-0dc24616122d27001"
          },
          "sensitive_attributes": [],
          "private": "eyJlMmJmYjczMC1lY2FhLTExZTYtOGY4OC0zNDM2M2JjN2M0YzAiOnsiY3JlYXRlIjo2MDAwMDAwMDAwMDAsImRlbGV0ZSI6MTIwMDAwMDAwMDAwMH0sInNjaGVtYV92ZXJzaW9uIjoiMSJ9",
          "dependencies": [
            "module.ClusterSetup.module.aws_resources.aws_vpc.thesis"
          ]
        }
      ]
    },
    {
      "module": "module.ClusterSetup.module.aws_resources",
      "mode": "managed",
      "type": "aws_subnet",
      "name": "thesis-public",
      "provider": "module.ClusterSetup.provider[\"registry.terraform.io/hashicorp/aws\"]",
      "instances": [
        {
          "schema_version": 1,
          "attributes": {
            "arn": "arn:aws:ec2:eu-central-1:843588259092:subnet/subnet-08f3ac9e14c702013",
            "assign_ipv6_address_on_creation": false,
            "availability_zone": "eu-central-1a",
            "availability_zone_id": "euc1-az2",
            "cidr_block": "10.19.2.0/24",
            "customer_owned_ipv4_pool": "",
            "enable_dns64": false,
            "enable_resource_name_dns_a_record_on_launch": false,
            "enable_resource_name_dns_aaaa_record_on_launch": false,
            "id": "subnet-08f3ac9e14c702013",
            "ipv6_cidr_block": "",
            "ipv6_cidr_block_association_id": "",
            "ipv6_native": false,
            "map_customer_owned_ip_on_launch": false,
            "map_public_ip_on_launch": true,
            "outpost_arn": "",
            "owner_id": "843588259092",
            "private_dns_hostname_type_on_launch": "ip-name",
            "tags": {
              "Name": "dev-thesis-public",
              "kubernetes.io/cluster/dev-thesis-cluster": "owned",
              "kubernetes.io/role/elb": "1"
            },
            "tags_all": {
              "Name": "dev-thesis-public",
              "kubernetes.io/cluster/dev-thesis-cluster": "owned",
              "kubernetes.io/role/elb": "1"
            },
            "timeouts": null,
            "vpc_id": "vpc-0dc24616122d27001"
          },
          "sensitive_attributes": [],
          "private": "eyJlMmJmYjczMC1lY2FhLTExZTYtOGY4OC0zNDM2M2JjN2M0YzAiOnsiY3JlYXRlIjo2MDAwMDAwMDAwMDAsImRlbGV0ZSI6MTIwMDAwMDAwMDAwMH0sInNjaGVtYV92ZXJzaW9uIjoiMSJ9",
          "dependencies": [
            "module.ClusterSetup.module.aws_resources.aws_vpc.thesis"
          ]
        }
      ]
    },
    {
      "module": "module.ClusterSetup.module.aws_resources",
      "mode": "managed",
      "type": "aws_vpc",
      "name": "thesis",
      "provider": "module.ClusterSetup.provider[\"registry.terraform.io/hashicorp/aws\"]",
      "instances": [
        {
          "schema_version": 1,
          "attributes": {
            "arn": "arn:aws:ec2:eu-central-1:843588259092:vpc/vpc-0dc24616122d27001",
            "assign_generated_ipv6_cidr_block": false,
            "cidr_block": "10.19.0.0/16",
            "default_network_acl_id": "acl-00c6fbb179e08fb58",
            "default_route_table_id": "rtb-026d6561798354d20",
            "default_security_group_id": "sg-0478b05aa44473fec",
            "dhcp_options_id": "dopt-0af09aaf84dbbd12a",
            "enable_classiclink": false,
            "enable_classiclink_dns_support": false,
            "enable_dns_hostnames": true,
            "enable_dns_support": true,
            "enable_network_address_usage_metrics": false,
            "id": "vpc-0dc24616122d27001",
            "instance_tenancy": "default",
            "ipv4_ipam_pool_id": null,
            "ipv4_netmask_length": null,
            "ipv6_association_id": "",
            "ipv6_cidr_block": "",
            "ipv6_cidr_block_network_border_group": "",
            "ipv6_ipam_pool_id": "",
            "ipv6_netmask_length": 0,
            "main_route_table_id": "rtb-026d6561798354d20",
            "owner_id": "843588259092",
            "tags": {
              "Name": "dev-thesis-vpc"
            },
            "tags_all": {
              "Name": "dev-thesis-vpc"
            }
          },
          "sensitive_attributes": [],
          "private": "eyJzY2hlbWFfdmVyc2lvbiI6IjEifQ=="
        }
      ]
    },
    {
      "module": "module.ClusterSetup.module.kubernetes_resources",
      "mode": "managed",
      "type": "kubernetes_namespace",
      "name": "argo_cd",
      "provider": "module.ClusterSetup.provider[\"registry.terraform.io/hashicorp/kubernetes\"]",
      "instances": [
        {
          "schema_version": 0,
          "attributes": {
            "id": "argocd-system",
            "metadata": [
              {
                "annotations": null,
                "generate_name": "",
                "generation": 0,
                "labels": {
                  "created_by": "terraform"
                },
                "name": "argocd-system",
                "resource_version": "1262",
                "uid": "fa6bf07c-07c6-4eab-af59-613544d566af"
              }
            ],
            "timeouts": null
          },
          "sensitive_attributes": [],
          "private": "eyJlMmJmYjczMC1lY2FhLTExZTYtOGY4OC0zNDM2M2JjN2M0YzAiOnsiZGVsZXRlIjozMDAwMDAwMDAwMDB9fQ==",
          "dependencies": [
            "module.ClusterSetup.data.aws_eks_cluster_auth.thesis",
            "module.ClusterSetup.module.aws_resources.aws_eip.thesis",
            "module.ClusterSetup.module.aws_resources.aws_eks_cluster.thesis",
            "module.ClusterSetup.module.aws_resources.aws_eks_node_group.private-nodes",
            "module.ClusterSetup.module.aws_resources.aws_iam_openid_connect_provider.eks",
            "module.ClusterSetup.module.aws_resources.aws_iam_policy.external-secrets-irsa",
            "module.ClusterSetup.module.aws_resources.aws_iam_policy.thesis-sa-allow-everything",
            "module.ClusterSetup.module.aws_resources.aws_iam_role.external-secrets-irsa",
            "module.ClusterSetup.module.aws_resources.aws_iam_role.nodes",
            "module.ClusterSetup.module.aws_resources.aws_iam_role.thesis-cluster",
            "module.ClusterSetup.module.aws_resources.aws_iam_role.thesis-sa",
            "module.ClusterSetup.module.aws_resources.aws_iam_role_policy_attachment.AmazonEKSClusterPolicy",
            "module.ClusterSetup.module.aws_resources.aws_iam_role_policy_attachment.AmazonEKSVPCResourceController",
            "module.ClusterSetup.module.aws_resources.aws_iam_role_policy_attachment.external-secrets-irsa",
            "module.ClusterSetup.module.aws_resources.aws_iam_role_policy_attachment.nodes-AmazonEC2ContainerRegistryReadOnly",
            "module.ClusterSetup.module.aws_resources.aws_iam_role_policy_attachment.nodes-AmazonEKSWorkerNodePolicy",
            "module.ClusterSetup.module.aws_resources.aws_iam_role_policy_attachment.nodes-AmazonEKS_CNI_Policy",
            "module.ClusterSetup.module.aws_resources.aws_iam_role_policy_attachment.test_attach",
            "module.ClusterSetup.module.aws_resources.aws_internet_gateway.thesis",
            "module.ClusterSetup.module.aws_resources.aws_nat_gateway.thesis",
            "module.ClusterSetup.module.aws_resources.aws_route_table.private",
            "module.ClusterSetup.module.aws_resources.aws_route_table.public",
            "module.ClusterSetup.module.aws_resources.aws_route_table_association.public",
            "module.ClusterSetup.module.aws_resources.aws_route_table_association.thesis-private-1a",
            "module.ClusterSetup.module.aws_resources.aws_route_table_association.thesis-public-1b",
            "module.ClusterSetup.module.aws_resources.aws_subnet.thesis-private-1a",
            "module.ClusterSetup.module.aws_resources.aws_subnet.thesis-private-1b",
            "module.ClusterSetup.module.aws_resources.aws_subnet.thesis-public",
            "module.ClusterSetup.module.aws_resources.aws_vpc.thesis",
            "module.ClusterSetup.module.aws_resources.data.aws_caller_identity.current",
            "module.ClusterSetup.module.aws_resources.data.aws_iam_policy_document.external-secrets-irsa-assume",
            "module.ClusterSetup.module.aws_resources.data.aws_iam_policy_document.thesis-sa-assume",
            "module.ClusterSetup.module.aws_resources.data.tls_certificate.eks"
          ]
        }
      ]
    },
    {
      "module": "module.ClusterSetup.module.kubernetes_resources",
      "mode": "managed",
      "type": "kubernetes_secret_v1",
      "name": "argo_repo",
      "provider": "module.ClusterSetup.provider[\"registry.terraform.io/hashicorp/kubernetes\"]",
      "instances": [
        {
          "schema_version": 0,
          "attributes": {
            "binary_data": null,
            "data": {
              "type": "git",
              "url": "https://github.com/crimbler2/argocd-infrastructure-repo"
            },
            "id": "argocd-system/github-repo",
            "immutable": false,
            "metadata": [
              {
                "annotations": null,
                "generate_name": "",
                "generation": 0,
                "labels": {
                  "argocd.argoproj.io/secret-type": "repository"
                },
                "name": "github-repo",
                "namespace": "argocd-system",
                "resource_version": "1732",
                "uid": "f406ae5e-8820-4aea-878c-bc482e13e516"
              }
            ],
            "timeouts": null,
            "type": "Opaque",
            "wait_for_service_account_token": true
          },
          "sensitive_attributes": [],
          "private": "eyJlMmJmYjczMC1lY2FhLTExZTYtOGY4OC0zNDM2M2JjN2M0YzAiOnsiY3JlYXRlIjo2MDAwMDAwMDAwMH19",
          "dependencies": [
            "module.ClusterSetup.data.aws_eks_cluster_auth.thesis",
            "module.ClusterSetup.module.aws_resources.aws_eip.thesis",
            "module.ClusterSetup.module.aws_resources.aws_eks_cluster.thesis",
            "module.ClusterSetup.module.aws_resources.aws_eks_node_group.private-nodes",
            "module.ClusterSetup.module.aws_resources.aws_iam_openid_connect_provider.eks",
            "module.ClusterSetup.module.aws_resources.aws_iam_policy.external-secrets-irsa",
            "module.ClusterSetup.module.aws_resources.aws_iam_policy.thesis-sa-allow-everything",
            "module.ClusterSetup.module.aws_resources.aws_iam_role.external-secrets-irsa",
            "module.ClusterSetup.module.aws_resources.aws_iam_role.nodes",
            "module.ClusterSetup.module.aws_resources.aws_iam_role.thesis-cluster",
            "module.ClusterSetup.module.aws_resources.aws_iam_role.thesis-sa",
            "module.ClusterSetup.module.aws_resources.aws_iam_role_policy_attachment.AmazonEKSClusterPolicy",
            "module.ClusterSetup.module.aws_resources.aws_iam_role_policy_attachment.AmazonEKSVPCResourceController",
            "module.ClusterSetup.module.aws_resources.aws_iam_role_policy_attachment.external-secrets-irsa",
            "module.ClusterSetup.module.aws_resources.aws_iam_role_policy_attachment.nodes-AmazonEC2ContainerRegistryReadOnly",
            "module.ClusterSetup.module.aws_resources.aws_iam_role_policy_attachment.nodes-AmazonEKSWorkerNodePolicy",
            "module.ClusterSetup.module.aws_resources.aws_iam_role_policy_attachment.nodes-AmazonEKS_CNI_Policy",
            "module.ClusterSetup.module.aws_resources.aws_iam_role_policy_attachment.test_attach",
            "module.ClusterSetup.module.aws_resources.aws_internet_gateway.thesis",
            "module.ClusterSetup.module.aws_resources.aws_nat_gateway.thesis",
            "module.ClusterSetup.module.aws_resources.aws_route_table.private",
            "module.ClusterSetup.module.aws_resources.aws_route_table.public",
            "module.ClusterSetup.module.aws_resources.aws_route_table_association.public",
            "module.ClusterSetup.module.aws_resources.aws_route_table_association.thesis-private-1a",
            "module.ClusterSetup.module.aws_resources.aws_route_table_association.thesis-public-1b",
            "module.ClusterSetup.module.aws_resources.aws_subnet.thesis-private-1a",
            "module.ClusterSetup.module.aws_resources.aws_subnet.thesis-private-1b",
            "module.ClusterSetup.module.aws_resources.aws_subnet.thesis-public",
            "module.ClusterSetup.module.aws_resources.aws_vpc.thesis",
            "module.ClusterSetup.module.aws_resources.data.aws_caller_identity.current",
            "module.ClusterSetup.module.aws_resources.data.aws_iam_policy_document.external-secrets-irsa-assume",
            "module.ClusterSetup.module.aws_resources.data.aws_iam_policy_document.thesis-sa-assume",
            "module.ClusterSetup.module.aws_resources.data.tls_certificate.eks",
            "module.ClusterSetup.module.kubernetes_resources.helm_release.argo_cd",
            "module.ClusterSetup.module.kubernetes_resources.kubernetes_namespace.argo_cd"
          ]
        }
      ]
    }
  ],
  "check_results": []
}
